
Microsoft Visual Studio Solution File, Format Version 12.00
# Visual Studio Version 17
VisualStudioVersion = 17.0.31903.59
MinimumVisualStudioVersion = 10.0.40219.1
Project("{2150E333-8FDC-42A3-9474-1A3956D46DE8}") = "src", "src", "{827E0CD3-B72D-47B6-A68D-7590B98EB39B}"
EndProject
Project("{FAE04EC0-301F-11D3-BF4B-00C04F79EFBC}") = "TierListes.Domain", "src\TierListes.Domain\TierListes.Domain.csproj", "{FF61A079-E400-4D40-9A67-CCC010B555DC}"
EndProject
Project("{FAE04EC0-301F-11D3-BF4B-00C04F79EFBC}") = "TierListes.Application", "src\TierListes.Application\TierListes.Application.csproj", "{B4DEA7E4-6994-4737-8656-5E0858F9191B}"
EndProject
Project("{FAE04EC0-301F-11D3-BF4B-00C04F79EFBC}") = "TierListes.Infrastructure", "src\TierListes.Infrastructure\TierListes.Infrastructure.csproj", "{481BE135-7DA3-4B1D-BFAE-BEA924ED267A}"
EndProject
Project("{FAE04EC0-301F-11D3-BF4B-00C04F79EFBC}") = "TierListes.Api", "src\TierListes.Api\TierListes.Api.csproj", "{66D44642-17C5-4A04-868D-2F2B212E49A3}"
EndProject
Global
	GlobalSection(SolutionConfigurationPlatforms) = preSolution
		Debug|Any CPU = Debug|Any CPU
		Debug|x64 = Debug|x64
		Debug|x86 = Debug|x86
		Release|Any CPU = Release|Any CPU
		Release|x64 = Release|x64
		Release|x86 = Release|x86
	EndGlobalSection
	GlobalSection(ProjectConfigurationPlatforms) = postSolution
		{FF61A079-E400-4D40-9A67-CCC010B555DC}.Debug|Any CPU.ActiveCfg = Debug|Any CPU
		{FF61A079-E400-4D40-9A67-CCC010B555DC}.Debug|Any CPU.Build.0 = Debug|Any CPU
		{FF61A079-E400-4D40-9A67-CCC010B555DC}.Debug|x64.ActiveCfg = Debug|Any CPU
		{FF61A079-E400-4D40-9A67-CCC010B555DC}.Debug|x64.Build.0 = Debug|Any CPU
		{FF61A079-E400-4D40-9A67-CCC010B555DC}.Debug|x86.ActiveCfg = Debug|Any CPU
		{FF61A079-E400-4D40-9A67-CCC010B555DC}.Debug|x86.Build.0 = Debug|Any CPU
		{FF61A079-E400-4D40-9A67-CCC010B555DC}.Release|Any CPU.ActiveCfg = Release|Any CPU
		{FF61A079-E400-4D40-9A67-CCC010B555DC}.Release|Any CPU.Build.0 = Release|Any CPU
		{FF61A079-E400-4D40-9A67-CCC010B555DC}.Release|x64.ActiveCfg = Release|Any CPU
		{FF61A079-E400-4D40-9A67-CCC010B555DC}.Release|x64.Build.0 = Release|Any CPU
		{FF61A079-E400-4D40-9A67-CCC010B555DC}.Release|x86.ActiveCfg = Release|Any CPU
		{FF61A079-E400-4D40-9A67-CCC010B555DC}.Release|x86.Build.0 = Release|Any CPU
		{B4DEA7E4-6994-4737-8656-5E0858F9191B}.Debug|Any CPU.ActiveCfg = Debug|Any CPU
		{B4DEA7E4-6994-4737-8656-5E0858F9191B}.Debug|Any CPU.Build.0 = Debug|Any CPU
		{B4DEA7E4-6994-4737-8656-5E0858F9191B}.Debug|x64.ActiveCfg = Debug|Any CPU
		{B4DEA7E4-6994-4737-8656-5E0858F9191B}.Debug|x64.Build.0 = Debug|Any CPU
		{B4DEA7E4-6994-4737-8656-5E0858F9191B}.Debug|x86.ActiveCfg = Debug|Any CPU
		{B4DEA7E4-6994-4737-8656-5E0858F9191B}.Debug|x86.Build.0 = Debug|Any CPU
		{B4DEA7E4-6994-4737-8656-5E0858F9191B}.Release|Any CPU.ActiveCfg = Release|Any CPU
		{B4DEA7E4-6994-4737-8656-5E0858F9191B}.Release|Any CPU.Build.0 = Release|Any CPU
		{B4DEA7E4-6994-4737-8656-5E0858F9191B}.Release|x64.ActiveCfg = Release|Any CPU
		{B4DEA7E4-6994-4737-8656-5E0858F9191B}.Release|x64.Build.0 = Release|Any CPU
		{B4DEA7E4-6994-4737-8656-5E0858F9191B}.Release|x86.ActiveCfg = Release|Any CPU
		{B4DEA7E4-6994-4737-8656-5E0858F9191B}.Release|x86.Build.0 = Release|Any CPU
		{481BE135-7DA3-4B1D-BFAE-BEA924ED267A}.Debug|Any CPU.ActiveCfg = Debug|Any CPU
		{481BE135-7DA3-4B1D-BFAE-BEA924ED267A}.Debug|Any CPU.Build.0 = Debug|Any CPU
		{481BE135-7DA3-4B1D-BFAE-BEA924ED267A}.Debug|x64.ActiveCfg = Debug|Any CPU
		{481BE135-7DA3-4B1D-BFAE-BEA924ED267A}.Debug|x64.Build.0 = Debug|Any CPU
		{481BE135-7DA3-4B1D-BFAE-BEA924ED267A}.Debug|x86.ActiveCfg = Debug|Any CPU
		{481BE135-7DA3-4B1D-BFAE-BEA924ED267A}.Debug|x86.Build.0 = Debug|Any CPU
		{481BE135-7DA3-4B1D-BFAE-BEA924ED267A}.Release|Any CPU.ActiveCfg = Release|Any CPU
		{481BE135-7DA3-4B1D-BFAE-BEA924ED267A}.Release|Any CPU.Build.0 = Release|Any CPU
		{481BE135-7DA3-4B1D-BFAE-BEA924ED267A}.Release|x64.ActiveCfg = Release|Any CPU
		{481BE135-7DA3-4B1D-BFAE-BEA924ED267A}.Release|x64.Build.0 = Release|Any CPU
		{481BE135-7DA3-4B1D-BFAE-BEA924ED267A}.Release|x86.ActiveCfg = Release|Any CPU
		{481BE135-7DA3-4B1D-BFAE-BEA924ED267A}.Release|x86.Build.0 = Release|Any CPU
		{66D44642-17C5-4A04-868D-2F2B212E49A3}.Debug|Any CPU.ActiveCfg = Debug|Any CPU
		{66D44642-17C5-4A04-868D-2F2B212E49A3}.Debug|Any CPU.Build.0 = Debug|Any CPU
		{66D44642-17C5-4A04-868D-2F2B212E49A3}.Debug|x64.ActiveCfg = Debug|Any CPU
		{66D44642-17C5-4A04-868D-2F2B212E49A3}.Debug|x64.Build.0 = Debug|Any CPU
		{66D44642-17C5-4A04-868D-2F2B212E49A3}.Debug|x86.ActiveCfg = Debug|Any CPU
		{66D44642-17C5-4A04-868D-2F2B212E49A3}.Debug|x86.Build.0 = Debug|Any CPU
		{66D44642-17C5-4A04-868D-2F2B212E49A3}.Release|Any CPU.ActiveCfg = Release|Any CPU
		{66D44642-17C5-4A04-868D-2F2B212E49A3}.Release|Any CPU.Build.0 = Release|Any CPU
		{66D44642-17C5-4A04-868D-2F2B212E49A3}.Release|x64.ActiveCfg = Release|Any CPU
		{66D44642-17C5-4A04-868D-2F2B212E49A3}.Release|x64.Build.0 = Release|Any CPU
		{66D44642-17C5-4A04-868D-2F2B212E49A3}.Release|x86.ActiveCfg = Release|Any CPU
		{66D44642-17C5-4A04-868D-2F2B212E49A3}.Release|x86.Build.0 = Release|Any CPU
	EndGlobalSection
	GlobalSection(SolutionProperties) = preSolution
		HideSolutionNode = FALSE
	EndGlobalSection
	GlobalSection(NestedProjects) = preSolution
		{FF61A079-E400-4D40-9A67-CCC010B555DC} = {827E0CD3-B72D-47B6-A68D-7590B98EB39B}
		{B4DEA7E4-6994-4737-8656-5E0858F9191B} = {827E0CD3-B72D-47B6-A68D-7590B98EB39B}
		{481BE135-7DA3-4B1D-BFAE-BEA924ED267A} = {827E0CD3-B72D-47B6-A68D-7590B98EB39B}
		{66D44642-17C5-4A04-868D-2F2B212E49A3} = {827E0CD3-B72D-47B6-A68D-7590B98EB39B}
	EndGlobalSection
EndGlobal
